
Microsoft Visual Studio Solution File, Format Version 12.00
# Visual Studio Version 17
VisualStudioVersion = 17.1.32328.378
MinimumVisualStudioVersion = 10.0.40219.1
Project("{FAE04EC0-301F-11D3-BF4B-00C04F79EFBC}") = "BitCoinApp", "BitCoinApp\BitCoinApp.csproj", "{2E0BF331-D9DF-44A9-BF8F-440B71D119D1}"
EndProject
Global
	GlobalSection(SolutionConfigurationPlatforms) = preSolution
		Debug|Any CPU = Debug|Any CPU
		Release|Any CPU = Release|Any CPU
	EndGlobalSection
	GlobalSection(ProjectConfigurationPlatforms) = postSolution
		{2E0BF331-D9DF-44A9-BF8F-440B71D119D1}.Debug|Any CPU.ActiveCfg = Debug|Any CPU
		{2E0BF331-D9DF-44A9-BF8F-440B71D119D1}.Debug|Any CPU.Build.0 = Debug|Any CPU
		{2E0BF331-D9DF-44A9-BF8F-440B71D119D1}.Release|Any CPU.ActiveCfg = Release|Any CPU
		{2E0BF331-D9DF-44A9-BF8F-440B71D119D1}.Release|Any CPU.Build.0 = Release|Any CPU
	EndGlobalSection
	GlobalSection(SolutionProperties) = preSolution
		HideSolutionNode = FALSE
	EndGlobalSection
	GlobalSection(ExtensibilityGlobals) = postSolution
		SolutionGuid = {7234EDF4-EA75-4374-9969-CEFDD47D1A97}
	EndGlobalSection
EndGlobal
